
Microsoft Visual Studio Solution File, Format Version 12.00
# Visual Studio 2012
Project("{FAE04EC0-301F-11D3-BF4B-00C04F79EFBC}") = "Template.UI", "Template\Template.UI.csproj", "{5CCA1494-B15C-451B-A929-BEC290A792EC}"
EndProject
Project("{FAE04EC0-301F-11D3-BF4B-00C04F79EFBC}") = "Template.Core", "Template.Core\Template.Core.csproj", "{F5A52D01-7E46-4988-9080-33BC09319D70}"
EndProject
Project("{FAE04EC0-301F-11D3-BF4B-00C04F79EFBC}") = "Template.Data", "Template.Data\Template.Data.csproj", "{3EF19EB9-035C-4FC7-8E64-ABF725816A5D}"
EndProject
Global
	GlobalSection(SolutionConfigurationPlatforms) = preSolution
		Debug|Any CPU = Debug|Any CPU
		Release|Any CPU = Release|Any CPU
	EndGlobalSection
	GlobalSection(ProjectConfigurationPlatforms) = postSolution
		{5CCA1494-B15C-451B-A929-BEC290A792EC}.Debug|Any CPU.ActiveCfg = Debug|Any CPU
		{5CCA1494-B15C-451B-A929-BEC290A792EC}.Debug|Any CPU.Build.0 = Debug|Any CPU
		{5CCA1494-B15C-451B-A929-BEC290A792EC}.Release|Any CPU.ActiveCfg = Release|Any CPU
		{5CCA1494-B15C-451B-A929-BEC290A792EC}.Release|Any CPU.Build.0 = Release|Any CPU
		{F5A52D01-7E46-4988-9080-33BC09319D70}.Debug|Any CPU.ActiveCfg = Debug|Any CPU
		{F5A52D01-7E46-4988-9080-33BC09319D70}.Debug|Any CPU.Build.0 = Debug|Any CPU
		{F5A52D01-7E46-4988-9080-33BC09319D70}.Release|Any CPU.ActiveCfg = Release|Any CPU
		{F5A52D01-7E46-4988-9080-33BC09319D70}.Release|Any CPU.Build.0 = Release|Any CPU
		{3EF19EB9-035C-4FC7-8E64-ABF725816A5D}.Debug|Any CPU.ActiveCfg = Debug|Any CPU
		{3EF19EB9-035C-4FC7-8E64-ABF725816A5D}.Debug|Any CPU.Build.0 = Debug|Any CPU
		{3EF19EB9-035C-4FC7-8E64-ABF725816A5D}.Release|Any CPU.ActiveCfg = Release|Any CPU
		{3EF19EB9-035C-4FC7-8E64-ABF725816A5D}.Release|Any CPU.Build.0 = Release|Any CPU
	EndGlobalSection
EndGlobal
